[[package]]
name = "certifi"
version = "2022.12.7"
description = "Python package for providing Mozilla's CA Bundle."
category = "dev"
optional = false
python-versions = ">=3.6"

[[package]]
name = "charset-normalizer"
version = "2.1.1"
description = "The Real First Universal Charset Detector. Open, modern and actively maintained alternative to Chardet."
category = "dev"
optional = false
python-versions = ">=3.6.0"

[package.extras]
unicode-backport = ["unicodedata2"]

[[package]]
name = "colorama"
version = "0.4.6"
description = "Cross-platform colored terminal text."
category = "dev"
optional = false
python-versions = "!=3.0.*,!=3.1.*,!=3.2.*,!=3.3.*,!=3.4.*,!=3.5.*,!=3.6.*,>=2.7"

[[package]]
name = "exceptiongroup"
version = "1.1.0"
description = "Backport of PEP 654 (exception groups)"
category = "dev"
optional = false
python-versions = ">=3.7"

[package.extras]
test = ["pytest (>=6)"]

[[package]]
name = "grpcio"
version = "1.56.2"
description = "HTTP/2-based RPC framework"
category = "dev"
optional = false
python-versions = ">=3.7"

[package.extras]
protobuf = ["grpcio-tools (>=1.56.2)"]

[[package]]
name = "grpcio-tools"
version = "1.56.2"
description = "Protobuf code generator for gRPC"
category = "dev"
optional = false
python-versions = ">=3.7"

[package.dependencies]
grpcio = ">=1.56.2"
protobuf = ">=4.21.6,<5.0dev"
setuptools = "*"

[[package]]
name = "idna"
version = "3.4"
description = "Internationalized Domain Names in Applications (IDNA)"
category = "dev"
optional = false
python-versions = ">=3.5"

[[package]]
name = "iniconfig"
version = "1.1.1"
description = "iniconfig: brain-dead simple config-ini parsing"
category = "dev"
optional = false
python-versions = "*"

[[package]]
name = "packaging"
version = "22.0"
description = "Core utilities for Python packages"
category = "dev"
optional = false
python-versions = ">=3.7"

[[package]]
name = "pluggy"
version = "1.0.0"
description = "plugin and hook calling mechanisms for python"
category = "dev"
optional = false
python-versions = ">=3.6"

[package.extras]
dev = ["pre-commit", "tox"]
testing = ["pytest", "pytest-benchmark"]

[[package]]
name = "protobuf"
version = "4.23.4"
description = ""
category = "dev"
optional = false
python-versions = ">=3.7"

[[package]]
name = "pytest"
version = "7.4.0"
description = "pytest: simple powerful testing with Python"
category = "dev"
optional = false
python-versions = ">=3.7"

[package.dependencies]
colorama = {version = "*", markers = "sys_platform == \"win32\""}
exceptiongroup = {version = ">=1.0.0rc8", markers = "python_version < \"3.11\""}
iniconfig = "*"
packaging = "*"
pluggy = ">=0.12,<2.0"
tomli = {version = ">=1.0.0", markers = "python_version < \"3.11\""}

[package.extras]
testing = ["argcomplete", "attrs (>=19.2.0)", "hypothesis (>=3.56)", "mock", "nose", "pygments (>=2.7.2)", "requests", "setuptools", "xmlschema"]

[[package]]
name = "pytest-asyncio"
version = "0.21.1"
description = "Pytest support for asyncio"
category = "dev"
optional = false
python-versions = ">=3.7"

[package.dependencies]
pytest = ">=7.0.0"

[package.extras]
docs = ["sphinx (>=5.3)", "sphinx-rtd-theme (>=1.0)"]
testing = ["coverage (>=6.2)", "flaky (>=3.5.0)", "hypothesis (>=5.7.1)", "mypy (>=0.931)", "pytest-trio (>=0.7.0)"]

[[package]]
name = "pyyaml"
version = "6.0.1"
description = "YAML parser and emitter for Python"
category = "dev"
optional = false
python-versions = ">=3.6"

[[package]]
name = "requests"
version = "2.31.0"
description = "Python HTTP for Humans."
category = "dev"
optional = false
python-versions = ">=3.7"

[package.dependencies]
certifi = ">=2017.4.17"
charset-normalizer = ">=2,<4"
idna = ">=2.5,<4"
urllib3 = ">=1.21.1,<3"

[package.extras]
socks = ["PySocks (>=1.5.6,!=1.5.7)"]
use-chardet-on-py3 = ["chardet (>=3.0.2,<6)"]

[[package]]
name = "setuptools"
version = "65.6.3"
description = "Easily download, build, install, upgrade, and uninstall Python packages"
category = "dev"
optional = false
python-versions = ">=3.7"

[package.extras]
docs = ["furo", "jaraco.packaging (>=9)", "jaraco.tidelift (>=1.4)", "pygments-github-lexers (==0.0.5)", "rst.linker (>=1.9)", "sphinx (>=3.5)", "sphinx-favicon", "sphinx-hoverxref (<2)", "sphinx-inline-tabs", "sphinx-notfound-page (==0.8.3)", "sphinx-reredirects", "sphinxcontrib-towncrier"]
testing = ["build[virtualenv]", "filelock (>=3.4.0)", "flake8 (<5)", "flake8-2020", "ini2toml[lite] (>=0.9)", "jaraco.envs (>=2.2)", "jaraco.path (>=3.2.0)", "pip (>=19.1)", "pip-run (>=8.8)", "pytest (>=6)", "pytest-black (>=0.3.7)", "pytest-checkdocs (>=2.4)", "pytest-cov", "pytest-enabler (>=1.3)", "pytest-flake8", "pytest-mypy (>=0.9.1)", "pytest-perf", "pytest-timeout", "pytest-xdist", "tomli-w (>=1.0.0)", "virtualenv (>=13.0.0)", "wheel"]
testing-integration = ["build[virtualenv]", "filelock (>=3.4.0)", "jaraco.envs (>=2.2)", "jaraco.path (>=3.2.0)", "pytest", "pytest-enabler", "pytest-xdist", "tomli", "virtualenv (>=13.0.0)", "wheel"]

[[package]]
name = "tomli"
version = "2.0.1"
description = "A lil' TOML parser"
category = "dev"
optional = false
python-versions = ">=3.7"

[[package]]
name = "urllib3"
version = "1.26.13"
description = "HTTP library with thread-safe connection pooling, file post, and more."
category = "dev"
optional = false
python-versions = ">=2.7, !=3.0.*, !=3.1.*, !=3.2.*, !=3.3.*, !=3.4.*, !=3.5.*"

[package.extras]
brotli = ["brotli (>=1.0.9)", "brotlicffi (>=0.8.0)", "brotlipy (>=0.6.0)"]
secure = ["certifi", "cryptography (>=1.3.4)", "idna (>=2.0.0)", "ipaddress", "pyOpenSSL (>=0.14)", "urllib3-secure-extra"]
socks = ["PySocks (>=1.5.6,!=1.5.7,<2.0)"]

[metadata]
lock-version = "1.1"
python-versions = "^3.9"
content-hash = "c4381244e714fe044db2fad06d8261939ffa8d7baf7466a1be98381d8a573e3b"

[metadata.files]
certifi = [
    {file = "certifi-2022.12.7-py3-none-any.whl", hash = "sha256:4ad3232f5e926d6718ec31cfc1fcadfde020920e278684144551c91769c7bc18"},
    {file = "certifi-2022.12.7.tar.gz", hash = "sha256:35824b4c3a97115964b408844d64aa14db1cc518f6562e8d7261699d1350a9e3"},
]
charset-normalizer = [
    {file = "charset-normalizer-2.1.1.tar.gz", hash = "sha256:5a3d016c7c547f69d6f81fb0db9449ce888b418b5b9952cc5e6e66843e9dd845"},
    {file = "charset_normalizer-2.1.1-py3-none-any.whl", hash = "sha256:83e9a75d1911279afd89352c68b45348559d1fc0506b054b346651b5e7fee29f"},
]
colorama = [
    {file = "colorama-0.4.6-py2.py3-none-any.whl", hash = "sha256:4f1d9991f5acc0ca119f9d443620b77f9d6b33703e51011c16baf57afb285fc6"},
    {file = "colorama-0.4.6.tar.gz", hash = "sha256:08695f5cb7ed6e0531a20572697297273c47b8cae5a63ffc6d6ed5c201be6e44"},
]
exceptiongroup = [
    {file = "exceptiongroup-1.1.0-py3-none-any.whl", hash = "sha256:327cbda3da756e2de031a3107b81ab7b3770a602c4d16ca618298c526f4bec1e"},
    {file = "exceptiongroup-1.1.0.tar.gz", hash = "sha256:bcb67d800a4497e1b404c2dd44fca47d3b7a5e5433dbab67f96c1a685cdfdf23"},
]
grpcio = [
    {file = "grpcio-1.56.2-cp310-cp310-linux_armv7l.whl", hash = "sha256:bf0b9959e673505ee5869950642428046edb91f99942607c2ecf635f8a4b31c9"},
    {file = "grpcio-1.56.2-cp310-cp310-macosx_12_0_universal2.whl", hash = "sha256:5144feb20fe76e73e60c7d73ec3bf54f320247d1ebe737d10672480371878b48"},
    {file = "grpcio-1.56.2-cp310-cp310-manylinux_2_17_aarch64.whl", hash = "sha256:a72797549935c9e0b9bc1def1768c8b5a709538fa6ab0678e671aec47ebfd55e"},
    {file = "grpcio-1.56.2-cp310-cp310-manylinux_2_17_i686.manylinux2014_i686.whl", hash = "sha256:c3f3237a57e42f79f1e560726576aedb3a7ef931f4e3accb84ebf6acc485d316"},
    {file = "grpcio-1.56.2-cp310-cp310-manylinux_2_17_x86_64.manylinux2014_x86_64.whl", hash = "sha256:900bc0096c2ca2d53f2e5cebf98293a7c32f532c4aeb926345e9747452233950"},
    {file = "grpcio-1.56.2-cp310-cp310-musllinux_1_1_i686.whl", hash = "sha256:97e0efaebbfd222bcaac2f1735c010c1d3b167112d9d237daebbeedaaccf3d1d"},
    {file = "grpcio-1.56.2-cp310-cp310-musllinux_1_1_x86_64.whl", hash = "sha256:c0c85c5cbe8b30a32fa6d802588d55ffabf720e985abe9590c7c886919d875d4"},
    {file = "grpcio-1.56.2-cp310-cp310-win32.whl", hash = "sha256:06e84ad9ae7668a109e970c7411e7992751a116494cba7c4fb877656527f9a57"},
    {file = "grpcio-1.56.2-cp310-cp310-win_amd64.whl", hash = "sha256:10954662f77dc36c9a1fb5cc4a537f746580d6b5734803be1e587252682cda8d"},
    {file = "grpcio-1.56.2-cp311-cp311-linux_armv7l.whl", hash = "sha256:c435f5ce1705de48e08fcbcfaf8aee660d199c90536e3e06f2016af7d6a938dd"},
    {file = "grpcio-1.56.2-cp311-cp311-macosx_10_10_universal2.whl", hash = "sha256:6108e5933eb8c22cd3646e72d5b54772c29f57482fd4c41a0640aab99eb5071d"},
    {file = "grpcio-1.56.2-cp311-cp311-manylinux_2_17_aarch64.whl", hash = "sha256:8391cea5ce72f4a12368afd17799474015d5d3dc00c936a907eb7c7eaaea98a5"},
    {file = "grpcio-1.56.2-cp311-cp311-manylinux_2_17_i686.manylinux2014_i686.whl", hash = "sha256:750de923b456ca8c0f1354d6befca45d1f3b3a789e76efc16741bd4132752d95"},
    {file = "grpcio-1.56.2-cp311-cp311-manylinux_2_17_x86_64.manylinux2014_x86_64.whl", hash = "sha256:fda2783c12f553cdca11c08e5af6eecbd717280dc8fbe28a110897af1c15a88c"},
    {file = "grpcio-1.56.2-cp311-cp311-musllinux_1_1_i686.whl", hash = "sha256:9e04d4e4cfafa7c5264e535b5d28e786f0571bea609c3f0aaab13e891e933e9c"},
    {file = "grpcio-1.56.2-cp311-cp311-musllinux_1_1_x86_64.whl", hash = "sha256:89a49cc5ad08a38b6141af17e00d1dd482dc927c7605bc77af457b5a0fca807c"},
    {file = "grpcio-1.56.2-cp311-cp311-win32.whl", hash = "sha256:6a007a541dff984264981fbafeb052bfe361db63578948d857907df9488d8774"},
    {file = "grpcio-1.56.2-cp311-cp311-win_amd64.whl", hash = "sha256:af4063ef2b11b96d949dccbc5a987272f38d55c23c4c01841ea65a517906397f"},
    {file = "grpcio-1.56.2-cp37-cp37m-linux_armv7l.whl", hash = "sha256:a6ff459dac39541e6a2763a4439c4ca6bc9ecb4acc05a99b79246751f9894756"},
    {file = "grpcio-1.56.2-cp37-cp37m-macosx_10_10_universal2.whl", hash = "sha256:f20fd21f7538f8107451156dd1fe203300b79a9ddceba1ee0ac8132521a008ed"},
    {file = "grpcio-1.56.2-cp37-cp37m-manylinux_2_17_aarch64.whl", hash = "sha256:d1fbad1f9077372b6587ec589c1fc120b417b6c8ad72d3e3cc86bbbd0a3cee93"},
    {file = "grpcio-1.56.2-cp37-cp37m-manylinux_2_17_i686.manylinux2014_i686.whl", hash = "sha256:6ee26e9dfb3996aff7c870f09dc7ad44a5f6732b8bdb5a5f9905737ac6fd4ef1"},
    {file = "grpcio-1.56.2-cp37-cp37m-manylinux_2_17_x86_64.manylinux2014_x86_64.whl", hash = "sha256:a4c60abd950d6de3e4f1ddbc318075654d275c29c846ab6a043d6ed2c52e4c8c"},
    {file = "grpcio-1.56.2-cp37-cp37m-musllinux_1_1_i686.whl", hash = "sha256:1c31e52a04e62c8577a7bf772b3e7bed4df9c9e0dd90f92b6ffa07c16cab63c9"},
    {file = "grpcio-1.56.2-cp37-cp37m-musllinux_1_1_x86_64.whl", hash = "sha256:345356b307cce5d14355e8e055b4ca5f99bc857c33a3dc1ddbc544fca9cd0475"},
    {file = "grpcio-1.56.2-cp37-cp37m-win_amd64.whl", hash = "sha256:42e63904ee37ae46aa23de50dac8b145b3596f43598fa33fe1098ab2cbda6ff5"},
    {file = "grpcio-1.56.2-cp38-cp38-linux_armv7l.whl", hash = "sha256:7c5ede2e2558f088c49a1ddda19080e4c23fb5d171de80a726b61b567e3766ed"},
    {file = "grpcio-1.56.2-cp38-cp38-macosx_10_10_universal2.whl", hash = "sha256:33971197c47965cc1d97d78d842163c283e998223b151bab0499b951fd2c0b12"},
    {file = "grpcio-1.56.2-cp38-cp38-manylinux_2_17_aarch64.whl", hash = "sha256:d39f5d4af48c138cb146763eda14eb7d8b3ccbbec9fe86fb724cd16e0e914c64"},
    {file = "grpcio-1.56.2-cp38-cp38-manylinux_2_17_i686.manylinux2014_i686.whl", hash = "sha256:ded637176addc1d3eef35331c39acc598bac550d213f0a1bedabfceaa2244c87"},
    {file = "grpcio-1.56.2-cp38-cp38-manylinux_2_17_x86_64.manylinux2014_x86_64.whl", hash = "sha256:c90da4b124647547a68cf2f197174ada30c7bb9523cb976665dfd26a9963d328"},
    {file = "grpcio-1.56.2-cp38-cp38-musllinux_1_1_i686.whl", hash = "sha256:3ccb621749a81dc7755243665a70ce45536ec413ef5818e013fe8dfbf5aa497b"},
    {file = "grpcio-1.56.2-cp38-cp38-musllinux_1_1_x86_64.whl", hash = "sha256:4eb37dd8dd1aa40d601212afa27ca5be255ba792e2e0b24d67b8af5e012cdb7d"},
    {file = "grpcio-1.56.2-cp38-cp38-win32.whl", hash = "sha256:ddb4a6061933bd9332b74eac0da25f17f32afa7145a33a0f9711ad74f924b1b8"},
    {file = "grpcio-1.56.2-cp38-cp38-win_amd64.whl", hash = "sha256:8940d6de7068af018dfa9a959a3510e9b7b543f4c405e88463a1cbaa3b2b379a"},
    {file = "grpcio-1.56.2-cp39-cp39-linux_armv7l.whl", hash = "sha256:51173e8fa6d9a2d85c14426bdee5f5c4a0654fd5fddcc21fe9d09ab0f6eb8b35"},
    {file = "grpcio-1.56.2-cp39-cp39-macosx_10_10_universal2.whl", hash = "sha256:373b48f210f43327a41e397391715cd11cfce9ded2fe76a5068f9bacf91cc226"},
    {file = "grpcio-1.56.2-cp39-cp39-manylinux_2_17_aarch64.whl", hash = "sha256:42a3bbb2bc07aef72a7d97e71aabecaf3e4eb616d39e5211e2cfe3689de860ca"},
    {file = "grpcio-1.56.2-cp39-cp39-manylinux_2_17_i686.manylinux2014_i686.whl", hash = "sha256:5344be476ac37eb9c9ad09c22f4ea193c1316bf074f1daf85bddb1b31fda5116"},
    {file = "grpcio-1.56.2-cp39-cp39-manylinux_2_17_x86_64.manylinux2014_x86_64.whl", hash = "sha256:c3fa3ab0fb200a2c66493828ed06ccd1a94b12eddbfb985e7fd3e5723ff156c6"},
    {file = "grpcio-1.56.2-cp39-cp39-musllinux_1_1_i686.whl", hash = "sha256:b975b85d1d5efc36cf8b237c5f3849b64d1ba33d6282f5e991f28751317504a1"},
    {file = "grpcio-1.56.2-cp39-cp39-musllinux_1_1_x86_64.whl", hash = "sha256:cbdf2c498e077282cd427cfd88bdce4668019791deef0be8155385ab2ba7837f"},
    {file = "grpcio-1.56.2-cp39-cp39-win32.whl", hash = "sha256:139f66656a762572ae718fa0d1f2dce47c05e9fbf7a16acd704c354405b97df9"},
    {file = "grpcio-1.56.2-cp39-cp39-win_amd64.whl", hash = "sha256:830215173ad45d670140ff99aac3b461f9be9a6b11bee1a17265aaaa746a641a"},
    {file = "grpcio-1.56.2.tar.gz", hash = "sha256:0ff789ae7d8ddd76d2ac02e7d13bfef6fc4928ac01e1dcaa182be51b6bcc0aaa"},
]
grpcio-tools = [
    {file = "grpcio-tools-1.56.2.tar.gz", hash = "sha256:82af2f4040084141a732f0ef1ecf3f14fdf629923d74d850415e4d09a077e77a"},
    {file = "grpcio_tools-1.56.2-cp310-cp310-linux_armv7l.whl", hash = "sha256:42272376e9a5a1c631863cda056c143c98d21e5b670db5c8c5b7ed0ba3a1a6eb"},
    {file = "grpcio_tools-1.56.2-cp310-cp310-macosx_12_0_universal2.whl", hash = "sha256:a8735d7aa34be99dddfbd476eff6005e684bb2c893c0f62a5811528b84c5b371"},
    {file = "grpcio_tools-1.56.2-cp310-cp310-manylinux_2_17_aarch64.whl", hash = "sha256:68ef3aa7509e5e7a6e7c0ecc183e28118e73da4bef0fc77079648601ce35e58f"},
    {file = "grpcio_tools-1.56.2-cp310-cp310-manylinux_2_17_i686.manylinux2014_i686.whl", hash = "sha256:380985b8d95ea2469e103945bd83a815d1213e370f580631fdd5a3dbaa17e446"},
    {file = "grpcio_tools-1.56.2-cp310-cp310-manylinux_2_17_x86_64.manylinux2014_x86_64.whl", hash = "sha256:6bfb375eb4f1946d68b8bc7b963c756defa31aa573a35c152a7233d06c0ad6ad"},
    {file = "grpcio_tools-1.56.2-cp310-cp310-musllinux_1_1_i686.whl", hash = "sha256:13388a22fcba9a1a87f217130a1a01365716af74bd5d0a8a54fc383b8e048ef2"},
    {file = "grpcio_tools-1.56.2-cp310-cp310-musllinux_1_1_x86_64.whl", hash = "sha256:7a26160bc0ea5b464715789d4d2a66f01816271677673d65da39bac65b9ea838"},
    {file = "grpcio_tools-1.56.2-cp310-cp310-win32.whl", hash = "sha256:ff16dd0b086e75f574dbc122e018a44dbd1c6dae3f3621ea99e8e5a6b2706e12"},
    {file = "grpcio_tools-1.56.2-cp310-cp310-win_amd64.whl", hash = "sha256:2037109c1ce253a8e013c9e3ad3722e887d28a1807acdeb1a51b295c8200137b"},
    {file = "grpcio_tools-1.56.2-cp311-cp311-linux_armv7l.whl", hash = "sha256:6dc43300189a69807857c52a3d782e9d3bbfb1cb72dcb27b4043c25161919601"},
    {file = "grpcio_tools-1.56.2-cp311-cp311-macosx_10_10_universal2.whl", hash = "sha256:e7009623635ebcd3dd7fe974883fc2d9a3ff0fcef419bfc0a2da8071b372d9f5"},
    {file = "grpcio_tools-1.56.2-cp311-cp311-manylinux_2_17_aarch64.whl", hash = "sha256:c7ca2272022f90b73efe900244aaebe9dd7cf3b379e99e08a88984e2fdd229c2"},
    {file = "grpcio_tools-1.56.2-cp311-cp311-manylinux_2_17_i686.manylinux2014_i686.whl", hash = "sha256:493775d17ea09cea6047ba81e4d3f0eb82e34d2fbd3b96e43f72b44ce74726ee"},
    {file = "grpcio_tools-1.56.2-cp311-cp311-manylinux_2_17_x86_64.manylinux2014_x86_64.whl", hash = "sha256:41af279cf5359b123138236c0980440f4cb4d3d18f03b5c1c314cc1512048351"},
    {file = "grpcio_tools-1.56.2-cp311-cp311-musllinux_1_1_i686.whl", hash = "sha256:857d72e991d449ec4d2f8337e5e24ddf77b4539965f5cabc84d4b63585832982"},
    {file = "grpcio_tools-1.56.2-cp311-cp311-musllinux_1_1_x86_64.whl", hash = "sha256:c0640728d63c9fa56e9a1679943ae4e33ad43a10802dd7a93255870731f44d07"},
    {file = "grpcio_tools-1.56.2-cp311-cp311-win32.whl", hash = "sha256:355204d1b33c7a19e7d69afda411e6595d39ba1e9cbf561770ac1d5403296554"},
    {file = "grpcio_tools-1.56.2-cp311-cp311-win_amd64.whl", hash = "sha256:ea5d108d28b4cd2e28539241c6aee96bda83086d8888c36785d9f84ea690d896"},
    {file = "grpcio_tools-1.56.2-cp37-cp37m-linux_armv7l.whl", hash = "sha256:28444615b7a76b3d9267f81d1487fcad21a581d00564164d9e25ccc28635a811"},
    {file = "grpcio_tools-1.56.2-cp37-cp37m-macosx_10_10_universal2.whl", hash = "sha256:45d8b5ad6716848d5b68d9cee29a1a9c5c4baa1824ec5b92d9e35acedddba076"},
    {file = "grpcio_tools-1.56.2-cp37-cp37m-manylinux_2_17_aarch64.whl", hash = "sha256:31d1183d28ffc8da242333cb9f683f5093941da80dd5281db0fa93077aecb518"},
    {file = "grpcio_tools-1.56.2-cp37-cp37m-manylinux_2_17_i686.manylinux2014_i686.whl", hash = "sha256:0059dfc9bea8f7bca69c15ca62c88904c4f907fde1137e0743b5eee054661873"},
    {file = "grpcio_tools-1.56.2-cp37-cp37m-manylinux_2_17_x86_64.manylinux2014_x86_64.whl", hash = "sha256:24fc857252181c9950ed2d8cee3df5bd0f42861c4ad0db2a57400186827f96e5"},
    {file = "grpcio_tools-1.56.2-cp37-cp37m-musllinux_1_1_i686.whl", hash = "sha256:3a74a5e4fc8121a51401665f96f9a70aee50a2f1221e4a199e67b3b8f55881e8"},
    {file = "grpcio_tools-1.56.2-cp37-cp37m-musllinux_1_1_x86_64.whl", hash = "sha256:bec47db5d8b5c3b2a44afdbc3f3bf306e34279289a206d20222824381ca3cb13"},
    {file = "grpcio_tools-1.56.2-cp37-cp37m-win_amd64.whl", hash = "sha256:c0dbaac63a25c088f864295f394230eeb7be48dac2264433fda2603f86c36b25"},
    {file = "grpcio_tools-1.56.2-cp38-cp38-linux_armv7l.whl", hash = "sha256:0a4f9cce5a16613b6d3123c89f9d50e0d13b466799af17bc723dc7d2901a54e4"},
    {file = "grpcio_tools-1.56.2-cp38-cp38-macosx_10_10_universal2.whl", hash = "sha256:ea5fc1b49514b44a3e5a45156c025002f172ade4c509e58c51967865c7c6fa45"},
    {file = "grpcio_tools-1.56.2-cp38-cp38-manylinux_2_17_aarch64.whl", hash = "sha256:54da410124547bacb97a54546c1a95f1af0125e48edc8b5679412ef8b2844f81"},
    {file = "grpcio_tools-1.56.2-cp38-cp38-manylinux_2_17_i686.manylinux2014_i686.whl", hash = "sha256:5223668649172d879ee780253b8e4a79144c56a3cc1bb021847f583508c2b0be"},
    {file = "grpcio_tools-1.56.2-cp38-cp38-manylinux_2_17_x86_64.manylinux2014_x86_64.whl", hash = "sha256:483256d5f5be6a77b24d8a5f06ca152d1571c62bf5c738834da61107c7563afe"},
    {file = "grpcio_tools-1.56.2-cp38-cp38-musllinux_1_1_i686.whl", hash = "sha256:1f334718eb796799bfadbac5567456fb745cee8c7b438c93b74d1ce676c6ad07"},
    {file = "grpcio_tools-1.56.2-cp38-cp38-musllinux_1_1_x86_64.whl", hash = "sha256:26751f69cbbc8ea19cf0657b7d109a6db7df81f80caf16380ebcd20eea27652c"},
    {file = "grpcio_tools-1.56.2-cp38-cp38-win32.whl", hash = "sha256:4056ff13e30813d42a30ce1cdfeaeb6bbee915515c161c1df896dac3143ae643"},
    {file = "grpcio_tools-1.56.2-cp38-cp38-win_amd64.whl", hash = "sha256:878b9269ceb0dd934b61697a9dd9a5c3e9552521e8f46ab32cf4d72a223f7b6c"},
    {file = "grpcio_tools-1.56.2-cp39-cp39-linux_armv7l.whl", hash = "sha256:216e86d3a6ccc31b27fa4c12491981a0a39d4787d2358b6df05baffa40084494"},
    {file = "grpcio_tools-1.56.2-cp39-cp39-macosx_10_10_universal2.whl", hash = "sha256:778224fcbc1cc7eaf222ce94676afbac8d72b4f84cf4239e30b01d2450a46126"},
    {file = "grpcio_tools-1.56.2-cp39-cp39-manylinux_2_17_aarch64.whl", hash = "sha256:14120fb2c6f7894fac5b689934368c692ec50f50a320e8073277ab7778fd612f"},
    {file = "grpcio_tools-1.56.2-cp39-cp39-manylinux_2_17_i686.manylinux2014_i686.whl", hash = "sha256:014da3ed176beb2b1c8430ccc34c8fe962cdd5480e56fb4ab9de60e60c315f3f"},
    {file = "grpcio_tools-1.56.2-cp39-cp39-manylinux_2_17_x86_64.manylinux2014_x86_64.whl", hash = "sha256:8febb4f90b8fab3179f5bdaa159f1d2a20523ea17ec0d66bdec7732f9532de91"},
    {file = "grpcio_tools-1.56.2-cp39-cp39-musllinux_1_1_i686.whl", hash = "sha256:ffae7df3318266614f7aa440acb2098c064b6b5ae061fc22125092386349e526"},
    {file = "grpcio_tools-1.56.2-cp39-cp39-musllinux_1_1_x86_64.whl", hash = "sha256:7d86e24eb6e3973c55e9c74412ff755d1b9d15518c4eaf95676acff49d0162a2"},
    {file = "grpcio_tools-1.56.2-cp39-cp39-win32.whl", hash = "sha256:506d00a86950adf4017395551a4547c0b7fcefa90e4c220135fc3e34e31be81b"},
    {file = "grpcio_tools-1.56.2-cp39-cp39-win_amd64.whl", hash = "sha256:8da04f033b8f4c597e8fc990e2f626bad2b269227bdd554592ea618f624f1aa9"},
]
idna = [
    {file = "idna-3.4-py3-none-any.whl", hash = "sha256:90b77e79eaa3eba6de819a0c442c0b4ceefc341a7a2ab77d7562bf49f425c5c2"},
    {file = "idna-3.4.tar.gz", hash = "sha256:814f528e8dead7d329833b91c5faa87d60bf71824cd12a7530b5526063d02cb4"},
]
iniconfig = [
    {file = "iniconfig-1.1.1-py2.py3-none-any.whl", hash = "sha256:011e24c64b7f47f6ebd835bb12a743f2fbe9a26d4cecaa7f53bc4f35ee9da8b3"},
    {file = "iniconfig-1.1.1.tar.gz", hash = "sha256:bc3af051d7d14b2ee5ef9969666def0cd1a000e121eaea580d4a313df4b37f32"},
]
packaging = [
    {file = "packaging-22.0-py3-none-any.whl", hash = "sha256:957e2148ba0e1a3b282772e791ef1d8083648bc131c8ab0c1feba110ce1146c3"},
    {file = "packaging-22.0.tar.gz", hash = "sha256:2198ec20bd4c017b8f9717e00f0c8714076fc2fd93816750ab48e2c41de2cfd3"},
]
pluggy = [
    {file = "pluggy-1.0.0-py2.py3-none-any.whl", hash = "sha256:74134bbf457f031a36d68416e1509f34bd5ccc019f0bcc952c7b909d06b37bd3"},
    {file = "pluggy-1.0.0.tar.gz", hash = "sha256:4224373bacce55f955a878bf9cfa763c1e360858e330072059e10bad68531159"},
]
protobuf = [
    {file = "protobuf-4.23.4-cp310-abi3-win32.whl", hash = "sha256:5fea3c64d41ea5ecf5697b83e41d09b9589e6f20b677ab3c48e5f242d9b7897b"},
    {file = "protobuf-4.23.4-cp310-abi3-win_amd64.whl", hash = "sha256:7b19b6266d92ca6a2a87effa88ecc4af73ebc5cfde194dc737cf8ef23a9a3b12"},
    {file = "protobuf-4.23.4-cp37-abi3-macosx_10_9_universal2.whl", hash = "sha256:8547bf44fe8cec3c69e3042f5c4fb3e36eb2a7a013bb0a44c018fc1e427aafbd"},
    {file = "protobuf-4.23.4-cp37-abi3-manylinux2014_aarch64.whl", hash = "sha256:fee88269a090ada09ca63551bf2f573eb2424035bcf2cb1b121895b01a46594a"},
    {file = "protobuf-4.23.4-cp37-abi3-manylinux2014_x86_64.whl", hash = "sha256:effeac51ab79332d44fba74660d40ae79985901ac21bca408f8dc335a81aa597"},
    {file = "protobuf-4.23.4-cp37-cp37m-win32.whl", hash = "sha256:c3e0939433c40796ca4cfc0fac08af50b00eb66a40bbbc5dee711998fb0bbc1e"},
    {file = "protobuf-4.23.4-cp37-cp37m-win_amd64.whl", hash = "sha256:9053df6df8e5a76c84339ee4a9f5a2661ceee4a0dab019e8663c50ba324208b0"},
    {file = "protobuf-4.23.4-cp38-cp38-win32.whl", hash = "sha256:e1c915778d8ced71e26fcf43c0866d7499891bca14c4368448a82edc61fdbc70"},
    {file = "protobuf-4.23.4-cp38-cp38-win_amd64.whl", hash = "sha256:351cc90f7d10839c480aeb9b870a211e322bf05f6ab3f55fcb2f51331f80a7d2"},
    {file = "protobuf-4.23.4-cp39-cp39-win32.whl", hash = "sha256:6dd9b9940e3f17077e820b75851126615ee38643c2c5332aa7a359988820c720"},
    {file = "protobuf-4.23.4-cp39-cp39-win_amd64.whl", hash = "sha256:0a5759f5696895de8cc913f084e27fd4125e8fb0914bb729a17816a33819f474"},
    {file = "protobuf-4.23.4-py3-none-any.whl", hash = "sha256:e9d0be5bf34b275b9f87ba7407796556abeeba635455d036c7351f7c183ef8ff"},
    {file = "protobuf-4.23.4.tar.gz", hash = "sha256:ccd9430c0719dce806b93f89c91de7977304729e55377f872a92465d548329a9"},
]
pytest = [
    {file = "pytest-7.4.0-py3-none-any.whl", hash = "sha256:78bf16451a2eb8c7a2ea98e32dc119fd2aa758f1d5d66dbf0a59d69a3969df32"},
    {file = "pytest-7.4.0.tar.gz", hash = "sha256:b4bf8c45bd59934ed84001ad51e11b4ee40d40a1229d2c79f9c592b0a3f6bd8a"},
]
pytest-asyncio = [
    {file = "pytest-asyncio-0.21.1.tar.gz", hash = "sha256:40a7eae6dded22c7b604986855ea48400ab15b069ae38116e8c01238e9eeb64d"},
    {file = "pytest_asyncio-0.21.1-py3-none-any.whl", hash = "sha256:8666c1c8ac02631d7c51ba282e0c69a8a452b211ffedf2599099845da5c5c37b"},
]
pyyaml = [
    {file = "PyYAML-6.0.1-cp310-cp310-macosx_10_9_x86_64.whl", hash = "sha256:d858aa552c999bc8a8d57426ed01e40bef403cd8ccdd0fc5f6f04a00414cac2a"},
    {file = "PyYAML-6.0.1-cp310-cp310-macosx_11_0_arm64.whl", hash = "sha256:fd66fc5d0da6d9815ba2cebeb4205f95818ff4b79c3ebe268e75d961704af52f"},
    {file = "PyYAML-6.0.1-cp310-cp310-manylinux_2_17_aarch64.manylinux2014_aarch64.whl", hash = "sha256:69b023b2b4daa7548bcfbd4aa3da05b3a74b772db9e23b982788168117739938"},
    {file = "PyYAML-6.0.1-cp310-cp310-manylinux_2_17_s390x.manylinux2014_s390x.whl", hash = "sha256:81e0b275a9ecc9c0c0c07b4b90ba548307583c125f54d5b6946cfee6360c733d"},
    {file = "PyYAML-6.0.1-cp310-cp310-manylinux_2_17_x86_64.manylinux2014_x86_64.whl", hash = "sha256:ba336e390cd8e4d1739f42dfe9bb83a3cc2e80f567d8805e11b46f4a943f5515"},
    {file = "PyYAML-6.0.1-cp310-cp310-win32.whl", hash = "sha256:bd4af7373a854424dabd882decdc5579653d7868b8fb26dc7d0e99f823aa5924"},
    {file = "PyYAML-6.0.1-cp310-cp310-win_amd64.whl", hash = "sha256:fd1592b3fdf65fff2ad0004b5e363300ef59ced41c2e6b3a99d4089fa8c5435d"},
    {file = "PyYAML-6.0.1-cp311-cp311-macosx_10_9_x86_64.whl", hash = "sha256:6965a7bc3cf88e5a1c3bd2e0b5c22f8d677dc88a455344035f03399034eb3007"},
    {file = "PyYAML-6.0.1-cp311-cp311-macosx_11_0_arm64.whl", hash = "sha256:f003ed9ad21d6a4713f0a9b5a7a0a79e08dd0f221aff4525a2be4c346ee60aab"},
    {file = "PyYAML-6.0.1-cp311-cp311-manylinux_2_17_aarch64.manylinux2014_aarch64.whl", hash = "sha256:42f8152b8dbc4fe7d96729ec2b99c7097d656dc1213a3229ca5383f973a5ed6d"},
    {file = "PyYAML-6.0.1-cp311-cp311-manylinux_2_17_s390x.manylinux2014_s390x.whl", hash = "sha256:062582fca9fabdd2c8b54a3ef1c978d786e0f6b3a1510e0ac93ef59e0ddae2bc"},
    {file = "PyYAML-6.0.1-cp311-cp311-manylinux_2_17_x86_64.manylinux2014_x86_64.whl", hash = "sha256:d2b04aac4d386b172d5b9692e2d2da8de7bfb6c387fa4f801fbf6fb2e6ba4673"},
    {file = "PyYAML-6.0.1-cp311-cp311-win32.whl", hash = "sha256:1635fd110e8d85d55237ab316b5b011de701ea0f29d07611174a1b42f1444741"},
    {file = "PyYAML-6.0.1-cp311-cp311-win_amd64.whl", hash = "sha256:bf07ee2fef7014951eeb99f56f39c9bb4af143d8aa3c21b1677805985307da34"},
    {file = "PyYAML-6.0.1-cp36-cp36m-macosx_10_9_x86_64.whl", hash = "sha256:50550eb667afee136e9a77d6dc71ae76a44df8b3e51e41b77f6de2932bfe0f47"},
    {file = "PyYAML-6.0.1-cp36-cp36m-manylinux_2_17_aarch64.manylinux2014_aarch64.whl", hash = "sha256:1fe35611261b29bd1de0070f0b2f47cb6ff71fa6595c077e42bd0c419fa27b98"},
    {file = "PyYAML-6.0.1-cp36-cp36m-manylinux_2_17_s390x.manylinux2014_s390x.whl", hash = "sha256:704219a11b772aea0d8ecd7058d0082713c3562b4e271b849ad7dc4a5c90c13c"},
    {file = "PyYAML-6.0.1-cp36-cp36m-manylinux_2_17_x86_64.manylinux2014_x86_64.whl", hash = "sha256:afd7e57eddb1a54f0f1a974bc4391af8bcce0b444685d936840f125cf046d5bd"},
    {file = "PyYAML-6.0.1-cp36-cp36m-win32.whl", hash = "sha256:fca0e3a251908a499833aa292323f32437106001d436eca0e6e7833256674585"},
    {file = "PyYAML-6.0.1-cp36-cp36m-win_amd64.whl", hash = "sha256:f22ac1c3cac4dbc50079e965eba2c1058622631e526bd9afd45fedd49ba781fa"},
    {file = "PyYAML-6.0.1-cp37-cp37m-macosx_10_9_x86_64.whl", hash = "sha256:b1275ad35a5d18c62a7220633c913e1b42d44b46ee12554e5fd39c70a243d6a3"},
    {file = "PyYAML-6.0.1-cp37-cp37m-manylinux_2_17_aarch64.manylinux2014_aarch64.whl", hash = "sha256:18aeb1bf9a78867dc38b259769503436b7c72f7a1f1f4c93ff9a17de54319b27"},
    {file = "PyYAML-6.0.1-cp37-cp37m-manylinux_2_17_s390x.manylinux2014_s390x.whl", hash = "sha256:596106435fa6ad000c2991a98fa58eeb8656ef2325d7e158344fb33864ed87e3"},
    {file = "PyYAML-6.0.1-cp37-cp37m-manylinux_2_17_x86_64.manylinux2014_x86_64.whl", hash = "sha256:baa90d3f661d43131ca170712d903e6295d1f7a0f595074f151c0aed377c9b9c"},
    {file = "PyYAML-6.0.1-cp37-cp37m-win32.whl", hash = "sha256:9046c58c4395dff28dd494285c82ba00b546adfc7ef001486fbf0324bc174fba"},
    {file = "PyYAML-6.0.1-cp37-cp37m-win_amd64.whl", hash = "sha256:4fb147e7a67ef577a588a0e2c17b6db51dda102c71de36f8549b6816a96e1867"},
    {file = "PyYAML-6.0.1-cp38-cp38-macosx_10_9_x86_64.whl", hash = "sha256:1d4c7e777c441b20e32f52bd377e0c409713e8bb1386e1099c2415f26e479595"},
    {file = "PyYAML-6.0.1-cp38-cp38-manylinux_2_17_aarch64.manylinux2014_aarch64.whl", hash = "sha256:a0cd17c15d3bb3fa06978b4e8958dcdc6e0174ccea823003a106c7d4d7899ac5"},
    {file = "PyYAML-6.0.1-cp38-cp38-manylinux_2_17_s390x.manylinux2014_s390x.whl", hash = "sha256:28c119d996beec18c05208a8bd78cbe4007878c6dd15091efb73a30e90539696"},
    {file = "PyYAML-6.0.1-cp38-cp38-manylinux_2_17_x86_64.manylinux2014_x86_64.whl", hash = "sha256:7e07cbde391ba96ab58e532ff4803f79c4129397514e1413a7dc761ccd755735"},
    {file = "PyYAML-6.0.1-cp38-cp38-win32.whl", hash = "sha256:184c5108a2aca3c5b3d3bf9395d50893a7ab82a38004c8f61c258d4428e80206"},
    {file = "PyYAML-6.0.1-cp38-cp38-win_amd64.whl", hash = "sha256:1e2722cc9fbb45d9b87631ac70924c11d3a401b2d7f410cc0e3bbf249f2dca62"},
    {file = "PyYAML-6.0.1-cp39-cp39-macosx_10_9_x86_64.whl", hash = "sha256:9eb6caa9a297fc2c2fb8862bc5370d0303ddba53ba97e71f08023b6cd73d16a8"},
    {file = "PyYAML-6.0.1-cp39-cp39-macosx_11_0_arm64.whl", hash = "sha256:c8098ddcc2a85b61647b2590f825f3db38891662cfc2fc776415143f599bb859"},
    {file = "PyYAML-6.0.1-cp39-cp39-manylinux_2_17_aarch64.manylinux2014_aarch64.whl", hash = "sha256:5773183b6446b2c99bb77e77595dd486303b4faab2b086e7b17bc6bef28865f6"},
    {file = "PyYAML-6.0.1-cp39-cp39-manylinux_2_17_s390x.manylinux2014_s390x.whl", hash = "sha256:b786eecbdf8499b9ca1d697215862083bd6d2a99965554781d0d8d1ad31e13a0"},
    {file = "PyYAML-6.0.1-cp39-cp39-manylinux_2_17_x86_64.manylinux2014_x86_64.whl", hash = "sha256:bc1bf2925a1ecd43da378f4db9e4f799775d6367bdb94671027b73b393a7c42c"},
    {file = "PyYAML-6.0.1-cp39-cp39-win32.whl", hash = "sha256:faca3bdcf85b2fc05d06ff3fbc1f83e1391b3e724afa3feba7d13eeab355484c"},
    {file = "PyYAML-6.0.1-cp39-cp39-win_amd64.whl", hash = "sha256:510c9deebc5c0225e8c96813043e62b680ba2f9c50a08d3724c7f28a747d1486"},
    {file = "PyYAML-6.0.1.tar.gz", hash = "sha256:bfdf460b1736c775f2ba9f6a92bca30bc2095067b8a9d77876d1fad6cc3b4a43"},
]
requests = [
    {file = "requests-2.31.0-py3-none-any.whl", hash = "sha256:58cd2187c01e70e6e26505bca751777aa9f2ee0b7f4300988b709f44e013003f"},
    {file = "requests-2.31.0.tar.gz", hash = "sha256:942c5a758f98d790eaed1a29cb6eefc7ffb0d1cf7af05c3d2791656dbd6ad1e1"},
]
setuptools = [
    {file = "setuptools-65.6.3-py3-none-any.whl", hash = "sha256:57f6f22bde4e042978bcd50176fdb381d7c21a9efa4041202288d3737a0c6a54"},
    {file = "setuptools-65.6.3.tar.gz", hash = "sha256:a7620757bf984b58deaf32fc8a4577a9bbc0850cf92c20e1ce41c38c19e5fb75"},
]
tomli = [
    {file = "tomli-2.0.1-py3-none-any.whl", hash = "sha256:939de3e7a6161af0c887ef91b7d41a53e7c5a1ca976325f429cb46ea9bc30ecc"},
    {file = "tomli-2.0.1.tar.gz", hash = "sha256:de526c12914f0c550d15924c62d72abc48d6fe7364aa87328337a31007fe8a4f"},
]
urllib3 = [
    {file = "urllib3-1.26.13-py2.py3-none-any.whl", hash = "sha256:47cc05d99aaa09c9e72ed5809b60e7ba354e64b59c9c173ac3018642d8bb41fc"},
    {file = "urllib3-1.26.13.tar.gz", hash = "sha256:c083dd0dce68dbfbe1129d5271cb90f9447dea7d52097c6e0126120c521ddea8"},
]
